<?xml version="1.0" encoding="utf-8"?>
<Project ToolsVersion="4.0" xmlns="http://schemas.microsoft.com/developer/msbuild/2003">
  <ItemGroup>
    <Filter Include="源文件">
      <UniqueIdentifier>{4FC737F1-C7A5-4376-A066-2A32D752A2FF}</UniqueIdentifier>
      <Extensions>cpp;c;cc;cxx;c++;cppm;ixx;def;odl;idl;hpj;bat;asm;asmx</Extensions>
    </Filter>
    <Filter Include="头文件">
      <UniqueIdentifier>{93995380-89BD-4b04-88EB-625FBE52EBFB}</UniqueIdentifier>
      <Extensions>h;hh;hpp;hxx;h++;hm;inl;inc;ipp;xsd</Extensions>
    </Filter>
    <Filter Include="资源文件">
      <UniqueIdentifier>{67DA6AB6-F800-4c08-8B7A-83BB121AAD01}</UniqueIdentifier>
      <Extensions>rc;ico;cur;bmp;dlg;rc2;rct;bin;rgs;gif;jpg;jpeg;jpe;resx;tiff;tif;png;wav;mfcribbon-ms</Extensions>
    </Filter>
  </ItemGroup>
  <ItemGroup>
    <ClCompile Include="1.cpp">
      <Filter>源文件</Filter>
    </ClCompile>
    <ClCompile Include="1_Cyclelist.cpp">
      <Filter>源文件</Filter>
    </ClCompile>
    <ClCompile Include="1_DLinkedList.cpp">
      <Filter>源文件</Filter>
    </ClCompile>
    <ClCompile Include="1_SequenceLsit.cpp">
      <Filter>源文件</Filter>
    </ClCompile>
    <ClCompile Include="1_SingleLinkedList.cpp">
      <Filter>源文件</Filter>
    </ClCompile>
    <ClCompile Include="2_堆栈(链式).cpp">
      <Filter>源文件</Filter>
    </ClCompile>
    <ClCompile Include="2_堆栈(顺序).cpp">
      <Filter>源文件</Filter>
    </ClCompile>
    <ClCompile Include="2_队列(链表).cpp">
      <Filter>源文件</Filter>
    </ClCompile>
    <ClCompile Include="2_队列(顺序).cpp">
      <Filter>源文件</Filter>
    </ClCompile>
    <ClCompile Include="2_双堆栈.cpp">
      <Filter>源文件</Filter>
    </ClCompile>
    <ClCompile Include="3_二叉树的遍历及其应用.cpp">
      <Filter>源文件</Filter>
    </ClCompile>
    <ClCompile Include="3_二叉搜索树.cpp">
      <Filter>源文件</Filter>
    </ClCompile>
    <ClCompile Include="3_二分查找.cpp">
      <Filter>源文件</Filter>
    </ClCompile>
    <ClCompile Include="3_引子顺序查找.cpp">
      <Filter>源文件</Filter>
    </ClCompile>
    <ClCompile Include="19_2.cpp">
      <Filter>源文件</Filter>
    </ClCompile>
    <ClCompile Include="20_1.cpp">
      <Filter>源文件</Filter>
    </ClCompile>
    <ClCompile Include="20_2.cpp">
      <Filter>源文件</Filter>
    </ClCompile>
    <ClCompile Include="20_3.cpp">
      <Filter>源文件</Filter>
    </ClCompile>
    <ClCompile Include="20_4.cpp">
      <Filter>源文件</Filter>
    </ClCompile>
    <ClCompile Include="factorial.cpp">
      <Filter>源文件</Filter>
    </ClCompile>
    <ClCompile Include="StaticList.cpp">
      <Filter>源文件</Filter>
    </ClCompile>
    <ClCompile Include="swap.cpp">
      <Filter>源文件</Filter>
    </ClCompile>
    <ClCompile Include="邻接表.cpp">
      <Filter>源文件</Filter>
    </ClCompile>
    <ClCompile Include="邻接矩阵.cpp">
      <Filter>源文件</Filter>
    </ClCompile>
    <ClCompile Include="排序.cpp">
      <Filter>源文件</Filter>
    </ClCompile>
  </ItemGroup>
  <ItemGroup>
    <ClInclude Include="SeqList.h">
      <Filter>头文件</Filter>
    </ClInclude>
  </ItemGroup>
</Project>